
Microsoft Visual Studio Solution File, Format Version 12.00
# Visual Studio 2013
VisualStudioVersion = 12.0.30501.0
MinimumVisualStudioVersion = 10.0.40219.1
Project("{FAE04EC0-301F-11D3-BF4B-00C04F79EFBC}") = "BoxIt", "BoxIt\BoxIt.csproj", "{6A2243A4-67B3-4A05-9489-837D593A5E46}"
EndProject
Project("{FAE04EC0-301F-11D3-BF4B-00C04F79EFBC}") = "BoxIt.Windows", "BoxIt.Windows\BoxIt.Windows.csproj", "{1247CB7F-E6AD-4EF3-BA7A-DE1786B0599E}"
EndProject
Global
	GlobalSection(SolutionConfigurationPlatforms) = preSolution
		Android|Any CPU = Android|Any CPU
		Android|Mixed Platforms = Android|Mixed Platforms
		Debug|Any CPU = Debug|Any CPU
		Debug|Mixed Platforms = Debug|Mixed Platforms
		iOS|Any CPU = iOS|Any CPU
		iOS|Mixed Platforms = iOS|Mixed Platforms
		Linux|Any CPU = Linux|Any CPU
		Linux|Mixed Platforms = Linux|Mixed Platforms
		OSX|Any CPU = OSX|Any CPU
		OSX|Mixed Platforms = OSX|Mixed Platforms
		PSM|Any CPU = PSM|Any CPU
		PSM|Mixed Platforms = PSM|Mixed Platforms
		Release|Any CPU = Release|Any CPU
		Release|Mixed Platforms = Release|Mixed Platforms
		Windows|Any CPU = Windows|Any CPU
		Windows|Mixed Platforms = Windows|Mixed Platforms
		Windows8|Any CPU = Windows8|Any CPU
		Windows8|Mixed Platforms = Windows8|Mixed Platforms
	EndGlobalSection
	GlobalSection(ProjectConfigurationPlatforms) = postSolution
		{6A2243A4-67B3-4A05-9489-837D593A5E46}.Android|Any CPU.ActiveCfg = Release|Any CPU
		{6A2243A4-67B3-4A05-9489-837D593A5E46}.Android|Any CPU.Build.0 = Release|Any CPU
		{6A2243A4-67B3-4A05-9489-837D593A5E46}.Android|Mixed Platforms.ActiveCfg = Release|Any CPU
		{6A2243A4-67B3-4A05-9489-837D593A5E46}.Android|Mixed Platforms.Build.0 = Release|Any CPU
		{6A2243A4-67B3-4A05-9489-837D593A5E46}.Debug|Any CPU.ActiveCfg = Debug|Any CPU
		{6A2243A4-67B3-4A05-9489-837D593A5E46}.Debug|Mixed Platforms.ActiveCfg = Debug|Any CPU
		{6A2243A4-67B3-4A05-9489-837D593A5E46}.Debug|Mixed Platforms.Build.0 = Debug|Any CPU
		{6A2243A4-67B3-4A05-9489-837D593A5E46}.iOS|Any CPU.ActiveCfg = Release|Any CPU
		{6A2243A4-67B3-4A05-9489-837D593A5E46}.iOS|Any CPU.Build.0 = Release|Any CPU
		{6A2243A4-67B3-4A05-9489-837D593A5E46}.iOS|Mixed Platforms.ActiveCfg = Release|Any CPU
		{6A2243A4-67B3-4A05-9489-837D593A5E46}.iOS|Mixed Platforms.Build.0 = Release|Any CPU
		{6A2243A4-67B3-4A05-9489-837D593A5E46}.Linux|Any CPU.ActiveCfg = Release|Any CPU
		{6A2243A4-67B3-4A05-9489-837D593A5E46}.Linux|Any CPU.Build.0 = Release|Any CPU
		{6A2243A4-67B3-4A05-9489-837D593A5E46}.Linux|Mixed Platforms.ActiveCfg = Release|Any CPU
		{6A2243A4-67B3-4A05-9489-837D593A5E46}.Linux|Mixed Platforms.Build.0 = Release|Any CPU
		{6A2243A4-67B3-4A05-9489-837D593A5E46}.OSX|Any CPU.ActiveCfg = Release|Any CPU
		{6A2243A4-67B3-4A05-9489-837D593A5E46}.OSX|Any CPU.Build.0 = Release|Any CPU
		{6A2243A4-67B3-4A05-9489-837D593A5E46}.OSX|Mixed Platforms.ActiveCfg = Release|Any CPU
		{6A2243A4-67B3-4A05-9489-837D593A5E46}.OSX|Mixed Platforms.Build.0 = Release|Any CPU
		{6A2243A4-67B3-4A05-9489-837D593A5E46}.PSM|Any CPU.ActiveCfg = Release|Any CPU
		{6A2243A4-67B3-4A05-9489-837D593A5E46}.PSM|Any CPU.Build.0 = Release|Any CPU
		{6A2243A4-67B3-4A05-9489-837D593A5E46}.PSM|Mixed Platforms.ActiveCfg = Release|Any CPU
		{6A2243A4-67B3-4A05-9489-837D593A5E46}.PSM|Mixed Platforms.Build.0 = Release|Any CPU
		{6A2243A4-67B3-4A05-9489-837D593A5E46}.Release|Any CPU.ActiveCfg = Release|Any CPU
		{6A2243A4-67B3-4A05-9489-837D593A5E46}.Release|Any CPU.Build.0 = Release|Any CPU
		{6A2243A4-67B3-4A05-9489-837D593A5E46}.Release|Mixed Platforms.ActiveCfg = Release|Any CPU
		{6A2243A4-67B3-4A05-9489-837D593A5E46}.Release|Mixed Platforms.Build.0 = Release|Any CPU
		{6A2243A4-67B3-4A05-9489-837D593A5E46}.Windows|Any CPU.ActiveCfg = Release|Any CPU
		{6A2243A4-67B3-4A05-9489-837D593A5E46}.Windows|Any CPU.Build.0 = Release|Any CPU
		{6A2243A4-67B3-4A05-9489-837D593A5E46}.Windows|Mixed Platforms.ActiveCfg = Release|Any CPU
		{6A2243A4-67B3-4A05-9489-837D593A5E46}.Windows|Mixed Platforms.Build.0 = Release|Any CPU
		{6A2243A4-67B3-4A05-9489-837D593A5E46}.Windows8|Any CPU.ActiveCfg = Release|Any CPU
		{6A2243A4-67B3-4A05-9489-837D593A5E46}.Windows8|Any CPU.Build.0 = Release|Any CPU
		{6A2243A4-67B3-4A05-9489-837D593A5E46}.Windows8|Mixed Platforms.ActiveCfg = Release|Any CPU
		{6A2243A4-67B3-4A05-9489-837D593A5E46}.Windows8|Mixed Platforms.Build.0 = Release|Any CPU
		{1247CB7F-E6AD-4EF3-BA7A-DE1786B0599E}.Android|Any CPU.ActiveCfg = Release|Any CPU
		{1247CB7F-E6AD-4EF3-BA7A-DE1786B0599E}.Android|Any CPU.Build.0 = Release|Any CPU
		{1247CB7F-E6AD-4EF3-BA7A-DE1786B0599E}.Android|Mixed Platforms.ActiveCfg = Release|Any CPU
		{1247CB7F-E6AD-4EF3-BA7A-DE1786B0599E}.Android|Mixed Platforms.Build.0 = Release|Any CPU
		{1247CB7F-E6AD-4EF3-BA7A-DE1786B0599E}.Debug|Any CPU.ActiveCfg = Debug|Any CPU
		{1247CB7F-E6AD-4EF3-BA7A-DE1786B0599E}.Debug|Any CPU.Build.0 = Debug|Any CPU
		{1247CB7F-E6AD-4EF3-BA7A-DE1786B0599E}.Debug|Mixed Platforms.ActiveCfg = Debug|Any CPU
		{1247CB7F-E6AD-4EF3-BA7A-DE1786B0599E}.Debug|Mixed Platforms.Build.0 = Debug|Any CPU
		{1247CB7F-E6AD-4EF3-BA7A-DE1786B0599E}.iOS|Any CPU.ActiveCfg = Release|Any CPU
		{1247CB7F-E6AD-4EF3-BA7A-DE1786B0599E}.iOS|Any CPU.Build.0 = Release|Any CPU
		{1247CB7F-E6AD-4EF3-BA7A-DE1786B0599E}.iOS|Mixed Platforms.ActiveCfg = Release|Any CPU
		{1247CB7F-E6AD-4EF3-BA7A-DE1786B0599E}.iOS|Mixed Platforms.Build.0 = Release|Any CPU
		{1247CB7F-E6AD-4EF3-BA7A-DE1786B0599E}.Linux|Any CPU.ActiveCfg = Release|Any CPU
		{1247CB7F-E6AD-4EF3-BA7A-DE1786B0599E}.Linux|Any CPU.Build.0 = Release|Any CPU
		{1247CB7F-E6AD-4EF3-BA7A-DE1786B0599E}.Linux|Mixed Platforms.ActiveCfg = Release|Any CPU
		{1247CB7F-E6AD-4EF3-BA7A-DE1786B0599E}.Linux|Mixed Platforms.Build.0 = Release|Any CPU
		{1247CB7F-E6AD-4EF3-BA7A-DE1786B0599E}.OSX|Any CPU.ActiveCfg = Release|Any CPU
		{1247CB7F-E6AD-4EF3-BA7A-DE1786B0599E}.OSX|Any CPU.Build.0 = Release|Any CPU
		{1247CB7F-E6AD-4EF3-BA7A-DE1786B0599E}.OSX|Mixed Platforms.ActiveCfg = Release|Any CPU
		{1247CB7F-E6AD-4EF3-BA7A-DE1786B0599E}.OSX|Mixed Platforms.Build.0 = Release|Any CPU
		{1247CB7F-E6AD-4EF3-BA7A-DE1786B0599E}.PSM|Any CPU.ActiveCfg = Release|Any CPU
		{1247CB7F-E6AD-4EF3-BA7A-DE1786B0599E}.PSM|Any CPU.Build.0 = Release|Any CPU
		{1247CB7F-E6AD-4EF3-BA7A-DE1786B0599E}.PSM|Mixed Platforms.ActiveCfg = Release|Any CPU
		{1247CB7F-E6AD-4EF3-BA7A-DE1786B0599E}.PSM|Mixed Platforms.Build.0 = Release|Any CPU
		{1247CB7F-E6AD-4EF3-BA7A-DE1786B0599E}.Release|Any CPU.ActiveCfg = Release|Any CPU
		{1247CB7F-E6AD-4EF3-BA7A-DE1786B0599E}.Release|Any CPU.Build.0 = Release|Any CPU
		{1247CB7F-E6AD-4EF3-BA7A-DE1786B0599E}.Release|Mixed Platforms.ActiveCfg = Release|Any CPU
		{1247CB7F-E6AD-4EF3-BA7A-DE1786B0599E}.Release|Mixed Platforms.Build.0 = Release|Any CPU
		{1247CB7F-E6AD-4EF3-BA7A-DE1786B0599E}.Windows|Any CPU.ActiveCfg = Release|Any CPU
		{1247CB7F-E6AD-4EF3-BA7A-DE1786B0599E}.Windows|Any CPU.Build.0 = Release|Any CPU
		{1247CB7F-E6AD-4EF3-BA7A-DE1786B0599E}.Windows|Mixed Platforms.ActiveCfg = Release|Any CPU
		{1247CB7F-E6AD-4EF3-BA7A-DE1786B0599E}.Windows|Mixed Platforms.Build.0 = Release|Any CPU
		{1247CB7F-E6AD-4EF3-BA7A-DE1786B0599E}.Windows8|Any CPU.ActiveCfg = Release|Any CPU
		{1247CB7F-E6AD-4EF3-BA7A-DE1786B0599E}.Windows8|Any CPU.Build.0 = Release|Any CPU
		{1247CB7F-E6AD-4EF3-BA7A-DE1786B0599E}.Windows8|Mixed Platforms.ActiveCfg = Release|Any CPU
		{1247CB7F-E6AD-4EF3-BA7A-DE1786B0599E}.Windows8|Mixed Platforms.Build.0 = Release|Any CPU
	EndGlobalSection
	GlobalSection(SolutionProperties) = preSolution
		HideSolutionNode = FALSE
	EndGlobalSection
EndGlobal
